// !$*UTF8*$!
{
	archiveVersion = 1;
	classes = {
	};
	objectVersion = 46;
	objects = {

/* Begin PBXBuildFile section */
		41AEADB1168A1E270097FE06 /* UIKit.framework in Frameworks */ = {isa = PBXBuildFile; fileRef = 41AEADB0168A1E270097FE06 /* UIKit.framework */; };
		41AEADB3168A1E270097FE06 /* Foundation.framework in Frameworks */ = {isa = PBXBuildFile; fileRef = 41AEADB2168A1E270097FE06 /* Foundation.framework */; };
		41AEADB5168A1E270097FE06 /* CoreGraphics.framework in Frameworks */ = {isa = PBXBuildFile; fileRef = 41AEADB4168A1E270097FE06 /* CoreGraphics.framework */; };
		41AEADBB168A1E270097FE06 /* InfoPlist.strings in Resources */ = {isa = PBXBuildFile; fileRef = 41AEADB9168A1E270097FE06 /* InfoPlist.strings */; };
		41AEADBD168A1E270097FE06 /* main.m in Sources */ = {isa = PBXBuildFile; fileRef = 41AEADBC168A1E270097FE06 /* main.m */; };
		41AEADC1168A1E270097FE06 /* AppDelegate.m in Sources */ = {isa = PBXBuildFile; fileRef = 41AEADC0168A1E270097FE06 /* AppDelegate.m */; };
		41AEADC3168A1E270097FE06 /* Default.png in Resources */ = {isa = PBXBuildFile; fileRef = 41AEADC2168A1E270097FE06 /* Default.png */; };
		41AEADC5168A1E270097FE06 /* Default@2x.png in Resources */ = {isa = PBXBuildFile; fileRef = 41AEADC4168A1E270097FE06 /* Default@2x.png */; };
		41AEADC7168A1E270097FE06 /* Default-568h@2x.png in Resources */ = {isa = PBXBuildFile; fileRef = 41AEADC6168A1E270097FE06 /* Default-568h@2x.png */; };
		41AEADCA168A1E270097FE06 /* MainStoryboard_iPhone.storyboard in Resources */ = {isa = PBXBuildFile; fileRef = 41AEADC8168A1E270097FE06 /* MainStoryboard_iPhone.storyboard */; };
		41AEADCD168A1E270097FE06 /* MainStoryboard_iPad.storyboard in Resources */ = {isa = PBXBuildFile; fileRef = 41AEADCB168A1E270097FE06 /* MainStoryboard_iPad.storyboard */; };
		41AEADD0168A1E270097FE06 /* ViewController.m in Sources */ = {isa = PBXBuildFile; fileRef = 41AEADCF168A1E270097FE06 /* ViewController.m */; };
		41AEADD8168A1E270097FE06 /* SenTestingKit.framework in Frameworks */ = {isa = PBXBuildFile; fileRef = 41AEADD7168A1E270097FE06 /* SenTestingKit.framework */; };
		41AEADD9168A1E270097FE06 /* UIKit.framework in Frameworks */ = {isa = PBXBuildFile; fileRef = 41AEADB0168A1E270097FE06 /* UIKit.framework */; };
		41AEADDA168A1E270097FE06 /* Foundation.framework in Frameworks */ = {isa = PBXBuildFile; fileRef = 41AEADB2168A1E270097FE06 /* Foundation.framework */; };
		41AEADE2168A1E270097FE06 /* InfoPlist.strings in Resources */ = {isa = PBXBuildFile; fileRef = 41AEADE0168A1E270097FE06 /* InfoPlist.strings */; };
		41AEADE5168A1E270097FE06 /* CodeGrepTests.m in Sources */ = {isa = PBXBuildFile; fileRef = 41AEADE4168A1E270097FE06 /* CodeGrepTests.m */; };
		41D32CF9168A3D59008AB3D8 /* SearchResultViewController.m in Sources */ = {isa = PBXBuildFile; fileRef = 41D32CF8168A3D59008AB3D8 /* SearchResultViewController.m */; };
		41D32D00168A60F5008AB3D8 /* CHANGELOG.md in Resources */ = {isa = PBXBuildFile; fileRef = 41D32CFC168A60F5008AB3D8 /* CHANGELOG.md */; };
		41D32D01168A60F5008AB3D8 /* JSONKit.m in Sources */ = {isa = PBXBuildFile; fileRef = 41D32CFE168A60F5008AB3D8 /* JSONKit.m */; settings = {COMPILER_FLAGS = "-fno-objc-arc"; }; };
		41D32D02168A60F5008AB3D8 /* README.md in Resources */ = {isa = PBXBuildFile; fileRef = 41D32CFF168A60F5008AB3D8 /* README.md */; };
		41D32D04168A9538008AB3D8 /* note.txt in Resources */ = {isa = PBXBuildFile; fileRef = 41D32D03168A9538008AB3D8 /* note.txt */; };
		41D32D0D168AB316008AB3D8 /* RepoWebViewController.m in Sources */ = {isa = PBXBuildFile; fileRef = 41D32D0C168AB316008AB3D8 /* RepoWebViewController.m */; };
		41D32D0F168ABCA6008AB3D8 /* README in Resources */ = {isa = PBXBuildFile; fileRef = 41D32D0E168ABCA6008AB3D8 /* README */; };
		41D32D19168BB1D4008AB3D8 /* mars.png in Resources */ = {isa = PBXBuildFile; fileRef = 41D32D18168BB1D3008AB3D8 /* mars.png */; };
		41D32D1B168BB23D008AB3D8 /* mars@2x.png in Resources */ = {isa = PBXBuildFile; fileRef = 41D32D1A168BB23D008AB3D8 /* mars@2x.png */; };
		41D32D32168D0550008AB3D8 /* UserProfileViewController.m in Sources */ = {isa = PBXBuildFile; fileRef = 41D32D31168D054F008AB3D8 /* UserProfileViewController.m */; };
		41D32D39168D1ECC008AB3D8 /* WebViewController.m in Sources */ = {isa = PBXBuildFile; fileRef = 41D32D38168D1ECC008AB3D8 /* WebViewController.m */; };
		41D32DC9168E8E77008AB3D8 /* RepoProfileViewController.m in Sources */ = {isa = PBXBuildFile; fileRef = 41D32DC8168E8E76008AB3D8 /* RepoProfileViewController.m */; };
		AA2FD80B1697793C00FA2168 /* RepoDetailViewController.m in Sources */ = {isa = PBXBuildFile; fileRef = AA2FD80A1697793C00FA2168 /* RepoDetailViewController.m */; };
		AA2FD813169780EE00FA2168 /* RepoReadMeViewController.m in Sources */ = {isa = PBXBuildFile; fileRef = AA2FD812169780EE00FA2168 /* RepoReadMeViewController.m */; };
		AA2FD821169A1B9600FA2168 /* Social.framework in Frameworks */ = {isa = PBXBuildFile; fileRef = AA2FD820169A1B9600FA2168 /* Social.framework */; };
		AA2FD823169BD39B00FA2168 /* marsglobe.png in Resources */ = {isa = PBXBuildFile; fileRef = AA2FD822169BD39A00FA2168 /* marsglobe.png */; };
		AA2FD825169BD3DF00FA2168 /* marsglobe2x.png in Resources */ = {isa = PBXBuildFile; fileRef = AA2FD824169BD3DF00FA2168 /* marsglobe2x.png */; };
		AA2FD828169BD59E00FA2168 /* nasa-mars.png in Resources */ = {isa = PBXBuildFile; fileRef = AA2FD826169BD59E00FA2168 /* nasa-mars.png */; };
		AA2FD829169BD59E00FA2168 /* nasa-mars@2x.png in Resources */ = {isa = PBXBuildFile; fileRef = AA2FD827169BD59E00FA2168 /* nasa-mars@2x.png */; };
/* End PBXBuildFile section */

/* Begin PBXContainerItemProxy section */
		41AEADDB168A1E270097FE06 /* PBXContainerItemProxy */ = {
			isa = PBXContainerItemProxy;
			containerPortal = 41AEADA3168A1E260097FE06 /* Project object */;
			proxyType = 1;
			remoteGlobalIDString = 41AEADAB168A1E270097FE06;
			remoteInfo = CodeGrep;
		};
/* End PBXContainerItemProxy section */

/* Begin PBXFileReference section */
		41AEADAC168A1E270097FE06 /* CodeGrep.app */ = {isa = PBXFileReference; explicitFileType = wrapper.application; includeInIndex = 0; path = CodeGrep.app; sourceTree = BUILT_PRODUCTS_DIR; };
		41AEADB0168A1E270097FE06 /* UIKit.framework */ = {isa = PBXFileReference; lastKnownFileType = wrapper.framework; name = UIKit.framework; path = System/Library/Frameworks/UIKit.framework; sourceTree = SDKROOT; };
		41AEADB2168A1E270097FE06 /* Foundation.framework */ = {isa = PBXFileReference; lastKnownFileType = wrapper.framework; name = Foundation.framework; path = System/Library/Frameworks/Foundation.framework; sourceTree = SDKROOT; };
		41AEADB4168A1E270097FE06 /* CoreGraphics.framework */ = {isa = PBXFileReference; lastKnownFileType = wrapper.framework; name = CoreGraphics.framework; path = System/Library/Frameworks/CoreGraphics.framework; sourceTree = SDKROOT; };
		41AEADB8168A1E270097FE06 /* CodeGrep-Info.plist */ = {isa = PBXFileReference; lastKnownFileType = text.plist.xml; path = "CodeGrep-Info.plist"; sourceTree = "<group>"; };
		41AEADBA168A1E270097FE06 /* en */ = {isa = PBXFileReference; lastKnownFileType = text.plist.strings; name = en; path = en.lproj/InfoPlist.strings; sourceTree = "<group>"; };
		41AEADBC168A1E270097FE06 /* main.m */ = {isa = PBXFileReference; lastKnownFileType = sourcecode.c.objc; path = main.m; sourceTree = "<group>"; };
		41AEADBE168A1E270097FE06 /* CodeGrep-Prefix.pch */ = {isa = PBXFileReference; lastKnownFileType = sourcecode.c.h; path = "CodeGrep-Prefix.pch"; sourceTree = "<group>"; };
		41AEADBF168A1E270097FE06 /* AppDelegate.h */ = {isa = PBXFileReference; lastKnownFileType = sourcecode.c.h; path = AppDelegate.h; sourceTree = "<group>"; };
		41AEADC0168A1E270097FE06 /* AppDelegate.m */ = {isa = PBXFileReference; lastKnownFileType = sourcecode.c.objc; path = AppDelegate.m; sourceTree = "<group>"; };
		41AEADC2168A1E270097FE06 /* Default.png */ = {isa = PBXFileReference; lastKnownFileType = image.png; path = Default.png; sourceTree = "<group>"; };
		41AEADC4168A1E270097FE06 /* Default@2x.png */ = {isa = PBXFileReference; lastKnownFileType = image.png; path = "Default@2x.png"; sourceTree = "<group>"; };
		41AEADC6168A1E270097FE06 /* Default-568h@2x.png */ = {isa = PBXFileReference; lastKnownFileType = image.png; path = "Default-568h@2x.png"; sourceTree = "<group>"; };
		41AEADC9168A1E270097FE06 /* en */ = {isa = PBXFileReference; lastKnownFileType = file.storyboard; name = en; path = en.lproj/MainStoryboard_iPhone.storyboard; sourceTree = "<group>"; };
		41AEADCC168A1E270097FE06 /* en */ = {isa = PBXFileReference; lastKnownFileType = file.storyboard; name = en; path = en.lproj/MainStoryboard_iPad.storyboard; sourceTree = "<group>"; };
		41AEADCE168A1E270097FE06 /* ViewController.h */ = {isa = PBXFileReference; lastKnownFileType = sourcecode.c.h; path = ViewController.h; sourceTree = "<group>"; };
		41AEADCF168A1E270097FE06 /* ViewController.m */ = {isa = PBXFileReference; lastKnownFileType = sourcecode.c.objc; path = ViewController.m; sourceTree = "<group>"; };
		41AEADD6168A1E270097FE06 /* CodeGrepTests.octest */ = {isa = PBXFileReference; explicitFileType = wrapper.cfbundle; includeInIndex = 0; path = CodeGrepTests.octest; sourceTree = BUILT_PRODUCTS_DIR; };
		41AEADD7168A1E270097FE06 /* SenTestingKit.framework */ = {isa = PBXFileReference; lastKnownFileType = wrapper.framework; name = SenTestingKit.framework; path = Library/Frameworks/SenTestingKit.framework; sourceTree = DEVELOPER_DIR; };
		41AEADDF168A1E270097FE06 /* CodeGrepTests-Info.plist */ = {isa = PBXFileReference; lastKnownFileType = text.plist.xml; path = "CodeGrepTests-Info.plist"; sourceTree = "<group>"; };
		41AEADE1168A1E270097FE06 /* en */ = {isa = PBXFileReference; lastKnownFileType = text.plist.strings; name = en; path = en.lproj/InfoPlist.strings; sourceTree = "<group>"; };
		41AEADE3168A1E270097FE06 /* CodeGrepTests.h */ = {isa = PBXFileReference; lastKnownFileType = sourcecode.c.h; path = CodeGrepTests.h; sourceTree = "<group>"; };
		41AEADE4168A1E270097FE06 /* CodeGrepTests.m */ = {isa = PBXFileReference; lastKnownFileType = sourcecode.c.objc; path = CodeGrepTests.m; sourceTree = "<group>"; };
		41D32CF7168A3D59008AB3D8 /* SearchResultViewController.h */ = {isa = PBXFileReference; fileEncoding = 4; lastKnownFileType = sourcecode.c.h; path = SearchResultViewController.h; sourceTree = "<group>"; };
		41D32CF8168A3D59008AB3D8 /* SearchResultViewController.m */ = {isa = PBXFileReference; fileEncoding = 4; lastKnownFileType = sourcecode.c.objc; path = SearchResultViewController.m; sourceTree = "<group>"; };
		41D32CFC168A60F5008AB3D8 /* CHANGELOG.md */ = {isa = PBXFileReference; fileEncoding = 4; lastKnownFileType = text; path = CHANGELOG.md; sourceTree = "<group>"; };
		41D32CFD168A60F5008AB3D8 /* JSONKit.h */ = {isa = PBXFileReference; fileEncoding = 4; lastKnownFileType = sourcecode.c.h; path = JSONKit.h; sourceTree = "<group>"; };
		41D32CFE168A60F5008AB3D8 /* JSONKit.m */ = {isa = PBXFileReference; fileEncoding = 4; lastKnownFileType = sourcecode.c.objc; path = JSONKit.m; sourceTree = "<group>"; };
		41D32CFF168A60F5008AB3D8 /* README.md */ = {isa = PBXFileReference; fileEncoding = 4; lastKnownFileType = text; path = README.md; sourceTree = "<group>"; };
		41D32D03168A9538008AB3D8 /* note.txt */ = {isa = PBXFileReference; fileEncoding = 4; lastKnownFileType = text; path = note.txt; sourceTree = "<group>"; };
		41D32D0B168AB316008AB3D8 /* RepoWebViewController.h */ = {isa = PBXFileReference; fileEncoding = 4; lastKnownFileType = sourcecode.c.h; path = RepoWebViewController.h; sourceTree = "<group>"; };
		41D32D0C168AB316008AB3D8 /* RepoWebViewController.m */ = {isa = PBXFileReference; fileEncoding = 4; lastKnownFileType = sourcecode.c.objc; path = RepoWebViewController.m; sourceTree = "<group>"; };
		41D32D0E168ABCA6008AB3D8 /* README */ = {isa = PBXFileReference; fileEncoding = 4; lastKnownFileType = text; path = README; sourceTree = "<group>"; };
		41D32D18168BB1D3008AB3D8 /* mars.png */ = {isa = PBXFileReference; lastKnownFileType = image.png; path = mars.png; sourceTree = "<group>"; };
		41D32D1A168BB23D008AB3D8 /* mars@2x.png */ = {isa = PBXFileReference; lastKnownFileType = image.png; path = "mars@2x.png"; sourceTree = "<group>"; };
		41D32D30168D054F008AB3D8 /* UserProfileViewController.h */ = {isa = PBXFileReference; fileEncoding = 4; lastKnownFileType = sourcecode.c.h; path = UserProfileViewController.h; sourceTree = "<group>"; };
		41D32D31168D054F008AB3D8 /* UserProfileViewController.m */ = {isa = PBXFileReference; fileEncoding = 4; lastKnownFileType = sourcecode.c.objc; path = UserProfileViewController.m; sourceTree = "<group>"; };
		41D32D37168D1ECC008AB3D8 /* WebViewController.h */ = {isa = PBXFileReference; fileEncoding = 4; lastKnownFileType = sourcecode.c.h; path = WebViewController.h; sourceTree = "<group>"; };
		41D32D38168D1ECC008AB3D8 /* WebViewController.m */ = {isa = PBXFileReference; fileEncoding = 4; lastKnownFileType = sourcecode.c.objc; path = WebViewController.m; sourceTree = "<group>"; };
		41D32DC5168E122D008AB3D8 /* DEFINE.h */ = {isa = PBXFileReference; fileEncoding = 4; lastKnownFileType = sourcecode.c.h; path = DEFINE.h; sourceTree = "<group>"; };
		41D32DC7168E8E76008AB3D8 /* RepoProfileViewController.h */ = {isa = PBXFileReference; fileEncoding = 4; lastKnownFileType = sourcecode.c.h; path = RepoProfileViewController.h; sourceTree = "<group>"; };
		41D32DC8168E8E76008AB3D8 /* RepoProfileViewController.m */ = {isa = PBXFileReference; fileEncoding = 4; lastKnownFileType = sourcecode.c.objc; path = RepoProfileViewController.m; sourceTree = "<group>"; };
		AA2FD8091697793C00FA2168 /* RepoDetailViewController.h */ = {isa = PBXFileReference; fileEncoding = 4; lastKnownFileType = sourcecode.c.h; path = RepoDetailViewController.h; sourceTree = "<group>"; };
		AA2FD80A1697793C00FA2168 /* RepoDetailViewController.m */ = {isa = PBXFileReference; fileEncoding = 4; lastKnownFileType = sourcecode.c.objc; path = RepoDetailViewController.m; sourceTree = "<group>"; };
		AA2FD811169780EE00FA2168 /* RepoReadMeViewController.h */ = {isa = PBXFileReference; fileEncoding = 4; lastKnownFileType = sourcecode.c.h; path = RepoReadMeViewController.h; sourceTree = "<group>"; };
		AA2FD812169780EE00FA2168 /* RepoReadMeViewController.m */ = {isa = PBXFileReference; fileEncoding = 4; lastKnownFileType = sourcecode.c.objc; path = RepoReadMeViewController.m; sourceTree = "<group>"; };
		AA2FD820169A1B9600FA2168 /* Social.framework */ = {isa = PBXFileReference; lastKnownFileType = wrapper.framework; name = Social.framework; path = System/Library/Frameworks/Social.framework; sourceTree = SDKROOT; };
		AA2FD822169BD39A00FA2168 /* marsglobe.png */ = {isa = PBXFileReference; lastKnownFileType = image.png; path = marsglobe.png; sourceTree = "<group>"; };
		AA2FD824169BD3DF00FA2168 /* marsglobe2x.png */ = {isa = PBXFileReference; lastKnownFileType = image.png; path = marsglobe2x.png; sourceTree = "<group>"; };
		AA2FD826169BD59E00FA2168 /* nasa-mars.png */ = {isa = PBXFileReference; lastKnownFileType = image.png; path = "nasa-mars.png"; sourceTree = "<group>"; };
		AA2FD827169BD59E00FA2168 /* nasa-mars@2x.png */ = {isa = PBXFileReference; lastKnownFileType = image.png; path = "nasa-mars@2x.png"; sourceTree = "<group>"; };
/* End PBXFileReference section */

/* Begin PBXFrameworksBuildPhase section */
		41AEADA9168A1E270097FE06 /* Frameworks */ = {
			isa = PBXFrameworksBuildPhase;
			buildActionMask = 2147483647;
			files = (
				AA2FD821169A1B9600FA2168 /* Social.framework in Frameworks */,
				41AEADB1168A1E270097FE06 /* UIKit.framework in Frameworks */,
				41AEADB3168A1E270097FE06 /* Foundation.framework in Frameworks */,
				41AEADB5168A1E270097FE06 /* CoreGraphics.framework in Frameworks */,
			);
			runOnlyForDeploymentPostprocessing = 0;
		};
		41AEADD2168A1E270097FE06 /* Frameworks */ = {
			isa = PBXFrameworksBuildPhase;
			buildActionMask = 2147483647;
			files = (
				41AEADD8168A1E270097FE06 /* SenTestingKit.framework in Frameworks */,
				41AEADD9168A1E270097FE06 /* UIKit.framework in Frameworks */,
				41AEADDA168A1E270097FE06 /* Foundation.framework in Frameworks */,
			);
			runOnlyForDeploymentPostprocessing = 0;
		};
/* End PBXFrameworksBuildPhase section */

/* Begin PBXGroup section */
		41AEADA1168A1E260097FE06 = {
			isa = PBXGroup;
			children = (
				41D32D1A168BB23D008AB3D8 /* mars@2x.png */,
				41D32D18168BB1D3008AB3D8 /* mars.png */,
				AA2FD822169BD39A00FA2168 /* marsglobe.png */,
				AA2FD824169BD3DF00FA2168 /* marsglobe2x.png */,
				AA2FD826169BD59E00FA2168 /* nasa-mars.png */,
				AA2FD827169BD59E00FA2168 /* nasa-mars@2x.png */,
				41D32D0E168ABCA6008AB3D8 /* README */,
				41D32D03168A9538008AB3D8 /* note.txt */,
				41AEADB6168A1E270097FE06 /* CodeGrep */,
				41AEADDD168A1E270097FE06 /* CodeGrepTests */,
				41AEADAF168A1E270097FE06 /* Frameworks */,
				41AEADAD168A1E270097FE06 /* Products */,
			);
			sourceTree = "<group>";
		};
		41AEADAD168A1E270097FE06 /* Products */ = {
			isa = PBXGroup;
			children = (
				41AEADAC168A1E270097FE06 /* CodeGrep.app */,
				41AEADD6168A1E270097FE06 /* CodeGrepTests.octest */,
			);
			name = Products;
			sourceTree = "<group>";
		};
		41AEADAF168A1E270097FE06 /* Frameworks */ = {
			isa = PBXGroup;
			children = (
				AA2FD820169A1B9600FA2168 /* Social.framework */,
				41AEADB0168A1E270097FE06 /* UIKit.framework */,
				41AEADB2168A1E270097FE06 /* Foundation.framework */,
				41AEADB4168A1E270097FE06 /* CoreGraphics.framework */,
				41AEADD7168A1E270097FE06 /* SenTestingKit.framework */,
			);
			name = Frameworks;
			sourceTree = "<group>";
		};
		41AEADB6168A1E270097FE06 /* CodeGrep */ = {
			isa = PBXGroup;
			children = (
				41D32CFB168A60F5008AB3D8 /* JSONKit */,
				41AEADBF168A1E270097FE06 /* AppDelegate.h */,
				41AEADC0168A1E270097FE06 /* AppDelegate.m */,
				41AEADC8168A1E270097FE06 /* MainStoryboard_iPhone.storyboard */,
				AA2FD811169780EE00FA2168 /* RepoReadMeViewController.h */,
				AA2FD812169780EE00FA2168 /* RepoReadMeViewController.m */,
				41D32D37168D1ECC008AB3D8 /* WebViewController.h */,
				41D32D38168D1ECC008AB3D8 /* WebViewController.m */,
				41D32D30168D054F008AB3D8 /* UserProfileViewController.h */,
				41D32D31168D054F008AB3D8 /* UserProfileViewController.m */,
				AA2FD8091697793C00FA2168 /* RepoDetailViewController.h */,
				AA2FD80A1697793C00FA2168 /* RepoDetailViewController.m */,
				41D32DC7168E8E76008AB3D8 /* RepoProfileViewController.h */,
				41D32DC8168E8E76008AB3D8 /* RepoProfileViewController.m */,
				41D32D0B168AB316008AB3D8 /* RepoWebViewController.h */,
				41D32D0C168AB316008AB3D8 /* RepoWebViewController.m */,
				41D32CF7168A3D59008AB3D8 /* SearchResultViewController.h */,
				41D32CF8168A3D59008AB3D8 /* SearchResultViewController.m */,
				41AEADCB168A1E270097FE06 /* MainStoryboard_iPad.storyboard */,
				41AEADCE168A1E270097FE06 /* ViewController.h */,
				41AEADCF168A1E270097FE06 /* ViewController.m */,
				41AEADB7168A1E270097FE06 /* Supporting Files */,
				41D32DC5168E122D008AB3D8 /* DEFINE.h */,
			);
			path = CodeGrep;
			sourceTree = "<group>";
		};
		41AEADB7168A1E270097FE06 /* Supporting Files */ = {
			isa = PBXGroup;
			children = (
				41AEADB8168A1E270097FE06 /* CodeGrep-Info.plist */,
				41AEADB9168A1E270097FE06 /* InfoPlist.strings */,
				41AEADBC168A1E270097FE06 /* main.m */,
				41AEADBE168A1E270097FE06 /* CodeGrep-Prefix.pch */,
				41AEADC2168A1E270097FE06 /* Default.png */,
				41AEADC4168A1E270097FE06 /* Default@2x.png */,
				41AEADC6168A1E270097FE06 /* Default-568h@2x.png */,
			);
			name = "Supporting Files";
			sourceTree = "<group>";
		};
		41AEADDD168A1E270097FE06 /* CodeGrepTests */ = {
			isa = PBXGroup;
			children = (
				41AEADE3168A1E270097FE06 /* CodeGrepTests.h */,
				41AEADE4168A1E270097FE06 /* CodeGrepTests.m */,
				41AEADDE168A1E270097FE06 /* Supporting Files */,
			);
			path = CodeGrepTests;
			sourceTree = "<group>";
		};
		41AEADDE168A1E270097FE06 /* Supporting Files */ = {
			isa = PBXGroup;
			children = (
				41AEADDF168A1E270097FE06 /* CodeGrepTests-Info.plist */,
				41AEADE0168A1E270097FE06 /* InfoPlist.strings */,
			);
			name = "Supporting Files";
			sourceTree = "<group>";
		};
		41D32CFB168A60F5008AB3D8 /* JSONKit */ = {
			isa = PBXGroup;
			children = (
				41D32CFC168A60F5008AB3D8 /* CHANGELOG.md */,
				41D32CFD168A60F5008AB3D8 /* JSONKit.h */,
				41D32CFE168A60F5008AB3D8 /* JSONKit.m */,
				41D32CFF168A60F5008AB3D8 /* README.md */,
			);
			path = JSONKit;
			sourceTree = "<group>";
		};
/* End PBXGroup section */

/* Begin PBXNativeTarget section */
		41AEADAB168A1E270097FE06 /* CodeGrep */ = {
			isa = PBXNativeTarget;
			buildConfigurationList = 41AEADE8168A1E270097FE06 /* Build configuration list for PBXNativeTarget "CodeGrep" */;
			buildPhases = (
				41AEADA8168A1E270097FE06 /* Sources */,
				41AEADA9168A1E270097FE06 /* Frameworks */,
				41AEADAA168A1E270097FE06 /* Resources */,
			);
			buildRules = (
			);
			dependencies = (
			);
			name = CodeGrep;
			productName = CodeGrep;
			productReference = 41AEADAC168A1E270097FE06 /* CodeGrep.app */;
			productType = "com.apple.product-type.application";
		};
		41AEADD5168A1E270097FE06 /* CodeGrepTests */ = {
			isa = PBXNativeTarget;
			buildConfigurationList = 41AEADEB168A1E270097FE06 /* Build configuration list for PBXNativeTarget "CodeGrepTests" */;
			buildPhases = (
				41AEADD1168A1E270097FE06 /* Sources */,
				41AEADD2168A1E270097FE06 /* Frameworks */,
				41AEADD3168A1E270097FE06 /* Resources */,
				41AEADD4168A1E270097FE06 /* ShellScript */,
			);
			buildRules = (
			);
			dependencies = (
				41AEADDC168A1E270097FE06 /* PBXTargetDependency */,
			);
			name = CodeGrepTests;
			productName = CodeGrepTests;
			productReference = 41AEADD6168A1E270097FE06 /* CodeGrepTests.octest */;
			productType = "com.apple.product-type.bundle";
		};
/* End PBXNativeTarget section */

/* Begin PBXProject section */
		41AEADA3168A1E260097FE06 /* Project object */ = {
			isa = PBXProject;
			attributes = {
				LastUpgradeCheck = 0450;
				ORGANIZATIONNAME = "Bo Yu";
			};
			buildConfigurationList = 41AEADA6168A1E260097FE06 /* Build configuration list for PBXProject "CodeGrep" */;
			compatibilityVersion = "Xcode 3.2";
			developmentRegion = English;
			hasScannedForEncodings = 0;
			knownRegions = (
				en,
			);
			mainGroup = 41AEADA1168A1E260097FE06;
			productRefGroup = 41AEADAD168A1E270097FE06 /* Products */;
			projectDirPath = "";
			projectRoot = "";
			targets = (
				41AEADAB168A1E270097FE06 /* CodeGrep */,
				41AEADD5168A1E270097FE06 /* CodeGrepTests */,
			);
		};
/* End PBXProject section */

/* Begin PBXResourcesBuildPhase section */
		41AEADAA168A1E270097FE06 /* Resources */ = {
			isa = PBXResourcesBuildPhase;
			buildActionMask = 2147483647;
			files = (
				41AEADBB168A1E270097FE06 /* InfoPlist.strings in Resources */,
				41AEADC3168A1E270097FE06 /* Default.png in Resources */,
				41AEADC5168A1E270097FE06 /* Default@2x.png in Resources */,
				41AEADC7168A1E270097FE06 /* Default-568h@2x.png in Resources */,
				41AEADCA168A1E270097FE06 /* MainStoryboard_iPhone.storyboard in Resources */,
				41AEADCD168A1E270097FE06 /* MainStoryboard_iPad.storyboard in Resources */,
				41D32D00168A60F5008AB3D8 /* CHANGELOG.md in Resources */,
				41D32D02168A60F5008AB3D8 /* README.md in Resources */,
				41D32D04168A9538008AB3D8 /* note.txt in Resources */,
				41D32D0F168ABCA6008AB3D8 /* README in Resources */,
				41D32D19168BB1D4008AB3D8 /* mars.png in Resources */,
				41D32D1B168BB23D008AB3D8 /* mars@2x.png in Resources */,
				AA2FD823169BD39B00FA2168 /* marsglobe.png in Resources */,
				AA2FD825169BD3DF00FA2168 /* marsglobe2x.png in Resources */,
				AA2FD828169BD59E00FA2168 /* nasa-mars.png in Resources */,
				AA2FD829169BD59E00FA2168 /* nasa-mars@2x.png in Resources */,
			);
			runOnlyForDeploymentPostprocessing = 0;
		};
		41AEADD3168A1E270097FE06 /* Resources */ = {
			isa = PBXResourcesBuildPhase;
			buildActionMask = 2147483647;
			files = (
				41AEADE2168A1E270097FE06 /* InfoPlist.strings in Resources */,
			);
			runOnlyForDeploymentPostprocessing = 0;
		};
/* End PBXResourcesBuildPhase section */

/* Begin PBXShellScriptBuildPhase section */
		41AEADD4168A1E270097FE06 /* ShellScript */ = {
			isa = PBXShellScriptBuildPhase;
			buildActionMask = 2147483647;
			files = (
			);
			inputPaths = (
			);
			outputPaths = (
			);
			runOnlyForDeploymentPostprocessing = 0;
			shellPath = /bin/sh;
			shellScript = "# Run the unit tests in this test bundle.\n\"${SYSTEM_DEVELOPER_DIR}/Tools/RunUnitTests\"\n";
		};
/* End PBXShellScriptBuildPhase section */

/* Begin PBXSourcesBuildPhase section */
		41AEADA8168A1E270097FE06 /* Sources */ = {
			isa = PBXSourcesBuildPhase;
			buildActionMask = 2147483647;
			files = (
				41AEADBD168A1E270097FE06 /* main.m in Sources */,
				41AEADC1168A1E270097FE06 /* AppDelegate.m in Sources */,
				41AEADD0168A1E270097FE06 /* ViewController.m in Sources */,
				41D32CF9168A3D59008AB3D8 /* SearchResultViewController.m in Sources */,
				41D32D01168A60F5008AB3D8 /* JSONKit.m in Sources */,
				41D32D0D168AB316008AB3D8 /* RepoWebViewController.m in Sources */,
				41D32D32168D0550008AB3D8 /* UserProfileViewController.m in Sources */,
				41D32D39168D1ECC008AB3D8 /* WebViewController.m in Sources */,
				41D32DC9168E8E77008AB3D8 /* RepoProfileViewController.m in Sources */,
				AA2FD80B1697793C00FA2168 /* RepoDetailViewController.m in Sources */,
				AA2FD813169780EE00FA2168 /* RepoReadMeViewController.m in Sources */,
			);
			runOnlyForDeploymentPostprocessing = 0;
		};
		41AEADD1168A1E270097FE06 /* Sources */ = {
			isa = PBXSourcesBuildPhase;
			buildActionMask = 2147483647;
			files = (
				41AEADE5168A1E270097FE06 /* CodeGrepTests.m in Sources */,
			);
			runOnlyForDeploymentPostprocessing = 0;
		};
/* End PBXSourcesBuildPhase section */

/* Begin PBXTargetDependency section */
		41AEADDC168A1E270097FE06 /* PBXTargetDependency */ = {
			isa = PBXTargetDependency;
			target = 41AEADAB168A1E270097FE06 /* CodeGrep */;
			targetProxy = 41AEADDB168A1E270097FE06 /* PBXContainerItemProxy */;
		};
/* End PBXTargetDependency section */

/* Begin PBXVariantGroup section */
		41AEADB9168A1E270097FE06 /* InfoPlist.strings */ = {
			isa = PBXVariantGroup;
			children = (
				41AEADBA168A1E270097FE06 /* en */,
			);
			name = InfoPlist.strings;
			sourceTree = "<group>";
		};
		41AEADC8168A1E270097FE06 /* MainStoryboard_iPhone.storyboard */ = {
			isa = PBXVariantGroup;
			children = (
				41AEADC9168A1E270097FE06 /* en */,
			);
			name = MainStoryboard_iPhone.storyboard;
			sourceTree = "<group>";
		};
		41AEADCB168A1E270097FE06 /* MainStoryboard_iPad.storyboard */ = {
			isa = PBXVariantGroup;
			children = (
				41AEADCC168A1E270097FE06 /* en */,
			);
			name = MainStoryboard_iPad.storyboard;
			sourceTree = "<group>";
		};
		41AEADE0168A1E270097FE06 /* InfoPlist.strings */ = {
			isa = PBXVariantGroup;
			children = (
				41AEADE1168A1E270097FE06 /* en */,
			);
			name = InfoPlist.strings;
			sourceTree = "<group>";
		};
/* End PBXVariantGroup section */

/* Begin XCBuildConfiguration section */
		41AEADE6168A1E270097FE06 /* Debug */ = {
			isa = XCBuildConfiguration;
			buildSettings = {
				ALWAYS_SEARCH_USER_PATHS = NO;
				ARCHS = armv7;
				CLANG_CXX_LANGUAGE_STANDARD = "gnu++0x";
				CLANG_CXX_LIBRARY = "libc++";
				CLANG_ENABLE_OBJC_ARC = YES;
				CLANG_WARN_EMPTY_BODY = YES;
				CLANG_WARN__DUPLICATE_METHOD_MATCH = YES;
				"CODE_SIGN_IDENTITY[sdk=iphoneos*]" = "iPhone Developer";
				COPY_PHASE_STRIP = NO;
				GCC_C_LANGUAGE_STANDARD = gnu99;
				GCC_DYNAMIC_NO_PIC = NO;
				GCC_OPTIMIZATION_LEVEL = 0;
				GCC_PREPROCESSOR_DEFINITIONS = (
					"DEBUG=1",
					"$(inherited)",
				);
				GCC_SYMBOLS_PRIVATE_EXTERN = NO;
				GCC_WARN_ABOUT_RETURN_TYPE = YES;
				GCC_WARN_UNINITIALIZED_AUTOS = YES;
				GCC_WARN_UNUSED_VARIABLE = YES;
				IPHONEOS_DEPLOYMENT_TARGET = 6.0;
				ONLY_ACTIVE_ARCH = YES;
				SDKROOT = iphoneos;
				TARGETED_DEVICE_FAMILY = "1,2";
			};
			name = Debug;
		};
		41AEADE7168A1E270097FE06 /* Release */ = {
			isa = XCBuildConfiguration;
			buildSettings = {
				ALWAYS_SEARCH_USER_PATHS = NO;
				ARCHS = armv7;
				CLANG_CXX_LANGUAGE_STANDARD = "gnu++0x";
				CLANG_CXX_LIBRARY = "libc++";
				CLANG_ENABLE_OBJC_ARC = YES;
				CLANG_WARN_EMPTY_BODY = YES;
				CLANG_WARN__DUPLICATE_METHOD_MATCH = YES;
				"CODE_SIGN_IDENTITY[sdk=iphoneos*]" = "iPhone Developer";
				COPY_PHASE_STRIP = YES;
				GCC_C_LANGUAGE_STANDARD = gnu99;
				GCC_WARN_ABOUT_RETURN_TYPE = YES;
				GCC_WARN_UNINITIALIZED_AUTOS = YES;
				GCC_WARN_UNUSED_VARIABLE = YES;
				IPHONEOS_DEPLOYMENT_TARGET = 6.0;
				ONLY_ACTIVE_ARCH = YES;
				OTHER_CFLAGS = "-DNS_BLOCK_ASSERTIONS=1";
				SDKROOT = iphoneos;
				TARGETED_DEVICE_FAMILY = "1,2";
				VALIDATE_PRODUCT = YES;
			};
			name = Release;
		};
		41AEADE9168A1E270097FE06 /* Debug */ = {
			isa = XCBuildConfiguration;
			buildSettings = {
				GCC_PRECOMPILE_PREFIX_HEADER = YES;
				GCC_PREFIX_HEADER = "CodeGrep/CodeGrep-Prefix.pch";
				INFOPLIST_FILE = "CodeGrep/CodeGrep-Info.plist";
				PRODUCT_NAME = "$(TARGET_NAME)";
				TARGETED_DEVICE_FAMILY = 1;
				WRAPPER_EXTENSION = app;
			};
			name = Debug;
		};
		41AEADEA168A1E270097FE06 /* Release */ = {
			isa = XCBuildConfiguration;
			buildSettings = {
				GCC_PRECOMPILE_PREFIX_HEADER = YES;
				GCC_PREFIX_HEADER = "CodeGrep/CodeGrep-Prefix.pch";
				INFOPLIST_FILE = "CodeGrep/CodeGrep-Info.plist";
				PRODUCT_NAME = "$(TARGET_NAME)";
				TARGETED_DEVICE_FAMILY = 1;
				WRAPPER_EXTENSION = app;
			};
			name = Release;
		};
		41AEADEC168A1E270097FE06 /* Debug */ = {
			isa = XCBuildConfiguration;
			buildSettings = {
				BUNDLE_LOADER = "$(BUILT_PRODUCTS_DIR)/CodeGrep.app/CodeGrep";
				FRAMEWORK_SEARCH_PATHS = (
					"\"$(SDKROOT)/Developer/Library/Frameworks\"",
					"\"$(DEVELOPER_LIBRARY_DIR)/Frameworks\"",
				);
				GCC_PRECOMPILE_PREFIX_HEADER = YES;
				GCC_PREFIX_HEADER = "CodeGrep/CodeGrep-Prefix.pch";
				INFOPLIST_FILE = "CodeGrepTests/CodeGrepTests-Info.plist";
				PRODUCT_NAME = "$(TARGET_NAME)";
				TEST_HOST = "$(BUNDLE_LOADER)";
				WRAPPER_EXTENSION = octest;
			};
			name = Debug;
		};
		41AEADED168A1E270097FE06 /* Release */ = {
			isa = XCBuildConfiguration;
			buildSettings = {
				BUNDLE_LOADER = "$(BUILT_PRODUCTS_DIR)/CodeGrep.app/CodeGrep";
				FRAMEWORK_SEARCH_PATHS = (
					"\"$(SDKROOT)/Developer/Library/Frameworks\"",
					"\"$(DEVELOPER_LIBRARY_DIR)/Frameworks\"",
				);
				GCC_PRECOMPILE_PREFIX_HEADER = YES;
				GCC_PREFIX_HEADER = "CodeGrep/CodeGrep-Prefix.pch";
				INFOPLIST_FILE = "CodeGrepTests/CodeGrepTests-Info.plist";
				PRODUCT_NAME = "$(TARGET_NAME)";
				TEST_HOST = "$(BUNDLE_LOADER)";
				WRAPPER_EXTENSION = octest;
			};
			name = Release;
		};
/* End XCBuildConfiguration section */

/* Begin XCConfigurationList section */
		41AEADA6168A1E260097FE06 /* Build configuration list for PBXProject "CodeGrep" */ = {
			isa = XCConfigurationList;
			buildConfigurations = (
				41AEADE6168A1E270097FE06 /* Debug */,
				41AEADE7168A1E270097FE06 /* Release */,
			);
			defaultConfigurationIsVisible = 0;
			defaultConfigurationName = Release;
		};
		41AEADE8168A1E270097FE06 /* Build configuration list for PBXNativeTarget "CodeGrep" */ = {
			isa = XCConfigurationList;
			buildConfigurations = (
				41AEADE9168A1E270097FE06 /* Debug */,
				41AEADEA168A1E270097FE06 /* Release */,
			);
			defaultConfigurationIsVisible = 0;
			defaultConfigurationName = Release;
		};
		41AEADEB168A1E270097FE06 /* Build configuration list for PBXNativeTarget "CodeGrepTests" */ = {
			isa = XCConfigurationList;
			buildConfigurations = (
				41AEADEC168A1E270097FE06 /* Debug */,
				41AEADED168A1E270097FE06 /* Release */,
			);
			defaultConfigurationIsVisible = 0;
			defaultConfigurationName = Release;
		};
/* End XCConfigurationList section */
	};
	rootObject = 41AEADA3168A1E260097FE06 /* Project object */;
}
